
Microsoft Visual Studio Solution File, Format Version 12.00
# Visual Studio Version 17
VisualStudioVersion = 17.2.32526.322
MinimumVisualStudioVersion = 10.0.40219.1
Project("{8BC9CEB8-8B4A-11D0-8D11-00A0C91BC942}") = "ConsoleConcurrency", "ConsoleConcurrency.vcxproj", "{45F41CAE-61DA-4D12-8A76-EAD7A39818F1}"
EndProject
Project("{8BC9CEB8-8B4A-11D0-8D11-00A0C91BC942}") = "LearnCpp", "LearnCpp\LearnCpp.vcxproj", "{A251D25A-866C-42A4-909F-8A3AB2634AF9}"
EndProject
Project("{8BC9CEB8-8B4A-11D0-8D11-00A0C91BC942}") = "Idioms", "Idioms\Idioms.vcxproj", "{485803F3-2057-4178-ACCC-C57E006A7B6E}"
EndProject
Project("{8BC9CEB8-8B4A-11D0-8D11-00A0C91BC942}") = "coroutine_app", "coroutine_app\coroutine_app.vcxproj", "{7A1CB54C-B297-4F64-AF0E-3D1FE0C8E028}"
EndProject
Project("{8BC9CEB8-8B4A-11D0-8D11-00A0C91BC942}") = "cpp_design_patterns", "cpp_design_patterns\cpp_design_patterns.vcxproj", "{6FF881C1-7206-4E01-9298-BEA402CDA6D4}"
EndProject
Project("{8BC9CEB8-8B4A-11D0-8D11-00A0C91BC942}") = "cpp_networking", "cpp_networking\cpp_networking.vcxproj", "{9D7F8102-3C2A-4B21-80E5-AF92146DD9DA}"
EndProject
Project("{8BC9CEB8-8B4A-11D0-8D11-00A0C91BC942}") = "net_common", "net_common\net_common.vcxproj", "{987F068D-5875-4F4C-B8A9-60A820EA490E}"
EndProject
Project("{8BC9CEB8-8B4A-11D0-8D11-00A0C91BC942}") = "net_client", "net_client\net_client.vcxproj", "{410D5236-3C0C-4975-875D-6C5A70F376BB}"
	ProjectSection(ProjectDependencies) = postProject
		{987F068D-5875-4F4C-B8A9-60A820EA490E} = {987F068D-5875-4F4C-B8A9-60A820EA490E}
	EndProjectSection
EndProject
Global
	GlobalSection(SolutionConfigurationPlatforms) = preSolution
		Debug|x64 = Debug|x64
		Debug|x86 = Debug|x86
		Release|x64 = Release|x64
		Release|x86 = Release|x86
	EndGlobalSection
	GlobalSection(ProjectConfigurationPlatforms) = postSolution
		{45F41CAE-61DA-4D12-8A76-EAD7A39818F1}.Debug|x64.ActiveCfg = Debug|x64
		{45F41CAE-61DA-4D12-8A76-EAD7A39818F1}.Debug|x64.Build.0 = Debug|x64
		{45F41CAE-61DA-4D12-8A76-EAD7A39818F1}.Debug|x86.ActiveCfg = Debug|Win32
		{45F41CAE-61DA-4D12-8A76-EAD7A39818F1}.Debug|x86.Build.0 = Debug|Win32
		{45F41CAE-61DA-4D12-8A76-EAD7A39818F1}.Release|x64.ActiveCfg = Release|x64
		{45F41CAE-61DA-4D12-8A76-EAD7A39818F1}.Release|x64.Build.0 = Release|x64
		{45F41CAE-61DA-4D12-8A76-EAD7A39818F1}.Release|x86.ActiveCfg = Release|Win32
		{45F41CAE-61DA-4D12-8A76-EAD7A39818F1}.Release|x86.Build.0 = Release|Win32
		{A251D25A-866C-42A4-909F-8A3AB2634AF9}.Debug|x64.ActiveCfg = Debug|x64
		{A251D25A-866C-42A4-909F-8A3AB2634AF9}.Debug|x64.Build.0 = Debug|x64
		{A251D25A-866C-42A4-909F-8A3AB2634AF9}.Debug|x86.ActiveCfg = Debug|Win32
		{A251D25A-866C-42A4-909F-8A3AB2634AF9}.Debug|x86.Build.0 = Debug|Win32
		{A251D25A-866C-42A4-909F-8A3AB2634AF9}.Release|x64.ActiveCfg = Release|x64
		{A251D25A-866C-42A4-909F-8A3AB2634AF9}.Release|x64.Build.0 = Release|x64
		{A251D25A-866C-42A4-909F-8A3AB2634AF9}.Release|x86.ActiveCfg = Release|Win32
		{A251D25A-866C-42A4-909F-8A3AB2634AF9}.Release|x86.Build.0 = Release|Win32
		{485803F3-2057-4178-ACCC-C57E006A7B6E}.Debug|x64.ActiveCfg = Debug|x64
		{485803F3-2057-4178-ACCC-C57E006A7B6E}.Debug|x64.Build.0 = Debug|x64
		{485803F3-2057-4178-ACCC-C57E006A7B6E}.Debug|x86.ActiveCfg = Debug|Win32
		{485803F3-2057-4178-ACCC-C57E006A7B6E}.Debug|x86.Build.0 = Debug|Win32
		{485803F3-2057-4178-ACCC-C57E006A7B6E}.Release|x64.ActiveCfg = Release|x64
		{485803F3-2057-4178-ACCC-C57E006A7B6E}.Release|x64.Build.0 = Release|x64
		{485803F3-2057-4178-ACCC-C57E006A7B6E}.Release|x86.ActiveCfg = Release|Win32
		{485803F3-2057-4178-ACCC-C57E006A7B6E}.Release|x86.Build.0 = Release|Win32
		{7A1CB54C-B297-4F64-AF0E-3D1FE0C8E028}.Debug|x64.ActiveCfg = Debug|x64
		{7A1CB54C-B297-4F64-AF0E-3D1FE0C8E028}.Debug|x64.Build.0 = Debug|x64
		{7A1CB54C-B297-4F64-AF0E-3D1FE0C8E028}.Debug|x86.ActiveCfg = Debug|Win32
		{7A1CB54C-B297-4F64-AF0E-3D1FE0C8E028}.Debug|x86.Build.0 = Debug|Win32
		{7A1CB54C-B297-4F64-AF0E-3D1FE0C8E028}.Release|x64.ActiveCfg = Release|x64
		{7A1CB54C-B297-4F64-AF0E-3D1FE0C8E028}.Release|x64.Build.0 = Release|x64
		{7A1CB54C-B297-4F64-AF0E-3D1FE0C8E028}.Release|x86.ActiveCfg = Release|Win32
		{7A1CB54C-B297-4F64-AF0E-3D1FE0C8E028}.Release|x86.Build.0 = Release|Win32
		{6FF881C1-7206-4E01-9298-BEA402CDA6D4}.Debug|x64.ActiveCfg = Debug|x64
		{6FF881C1-7206-4E01-9298-BEA402CDA6D4}.Debug|x64.Build.0 = Debug|x64
		{6FF881C1-7206-4E01-9298-BEA402CDA6D4}.Debug|x86.ActiveCfg = Debug|Win32
		{6FF881C1-7206-4E01-9298-BEA402CDA6D4}.Debug|x86.Build.0 = Debug|Win32
		{6FF881C1-7206-4E01-9298-BEA402CDA6D4}.Release|x64.ActiveCfg = Release|x64
		{6FF881C1-7206-4E01-9298-BEA402CDA6D4}.Release|x64.Build.0 = Release|x64
		{6FF881C1-7206-4E01-9298-BEA402CDA6D4}.Release|x86.ActiveCfg = Release|Win32
		{6FF881C1-7206-4E01-9298-BEA402CDA6D4}.Release|x86.Build.0 = Release|Win32
		{9D7F8102-3C2A-4B21-80E5-AF92146DD9DA}.Debug|x64.ActiveCfg = Debug|x64
		{9D7F8102-3C2A-4B21-80E5-AF92146DD9DA}.Debug|x64.Build.0 = Debug|x64
		{9D7F8102-3C2A-4B21-80E5-AF92146DD9DA}.Debug|x86.ActiveCfg = Debug|Win32
		{9D7F8102-3C2A-4B21-80E5-AF92146DD9DA}.Debug|x86.Build.0 = Debug|Win32
		{9D7F8102-3C2A-4B21-80E5-AF92146DD9DA}.Release|x64.ActiveCfg = Release|x64
		{9D7F8102-3C2A-4B21-80E5-AF92146DD9DA}.Release|x64.Build.0 = Release|x64
		{9D7F8102-3C2A-4B21-80E5-AF92146DD9DA}.Release|x86.ActiveCfg = Release|Win32
		{9D7F8102-3C2A-4B21-80E5-AF92146DD9DA}.Release|x86.Build.0 = Release|Win32
		{987F068D-5875-4F4C-B8A9-60A820EA490E}.Debug|x64.ActiveCfg = Debug|x64
		{987F068D-5875-4F4C-B8A9-60A820EA490E}.Debug|x64.Build.0 = Debug|x64
		{987F068D-5875-4F4C-B8A9-60A820EA490E}.Debug|x86.ActiveCfg = Debug|Win32
		{987F068D-5875-4F4C-B8A9-60A820EA490E}.Debug|x86.Build.0 = Debug|Win32
		{987F068D-5875-4F4C-B8A9-60A820EA490E}.Release|x64.ActiveCfg = Release|x64
		{987F068D-5875-4F4C-B8A9-60A820EA490E}.Release|x64.Build.0 = Release|x64
		{987F068D-5875-4F4C-B8A9-60A820EA490E}.Release|x86.ActiveCfg = Release|Win32
		{987F068D-5875-4F4C-B8A9-60A820EA490E}.Release|x86.Build.0 = Release|Win32
		{410D5236-3C0C-4975-875D-6C5A70F376BB}.Debug|x64.ActiveCfg = Debug|x64
		{410D5236-3C0C-4975-875D-6C5A70F376BB}.Debug|x64.Build.0 = Debug|x64
		{410D5236-3C0C-4975-875D-6C5A70F376BB}.Debug|x86.ActiveCfg = Debug|Win32
		{410D5236-3C0C-4975-875D-6C5A70F376BB}.Debug|x86.Build.0 = Debug|Win32
		{410D5236-3C0C-4975-875D-6C5A70F376BB}.Release|x64.ActiveCfg = Release|x64
		{410D5236-3C0C-4975-875D-6C5A70F376BB}.Release|x64.Build.0 = Release|x64
		{410D5236-3C0C-4975-875D-6C5A70F376BB}.Release|x86.ActiveCfg = Release|Win32
		{410D5236-3C0C-4975-875D-6C5A70F376BB}.Release|x86.Build.0 = Release|Win32
	EndGlobalSection
	GlobalSection(SolutionProperties) = preSolution
		HideSolutionNode = FALSE
	EndGlobalSection
	GlobalSection(ExtensibilityGlobals) = postSolution
		SolutionGuid = {0522EA8C-4F6C-4472-81F0-722750974AAB}
	EndGlobalSection
EndGlobal
